
Microsoft Visual Studio Solution File, Format Version 12.00
# Visual Studio Version 16
VisualStudioVersion = 16.0.30621.155
MinimumVisualStudioVersion = 10.0.40219.1
Project("{FAE04EC0-301F-11D3-BF4B-00C04F79EFBC}") = "Cutting_Optimizer", "Cutting_Optimizer.csproj", "{AF18BFDA-4CCF-4FEE-A269-BF673BC9912B}"
EndProject
Global
	GlobalSection(SolutionConfigurationPlatforms) = preSolution
		Debug|Any CPU = Debug|Any CPU
		Release|Any CPU = Release|Any CPU
	EndGlobalSection
	GlobalSection(ProjectConfigurationPlatforms) = postSolution
		{AF18BFDA-4CCF-4FEE-A269-BF673BC9912B}.Debug|Any CPU.ActiveCfg = Debug|Any CPU
		{AF18BFDA-4CCF-4FEE-A269-BF673BC9912B}.Debug|Any CPU.Build.0 = Debug|Any CPU
		{AF18BFDA-4CCF-4FEE-A269-BF673BC9912B}.Release|Any CPU.ActiveCfg = Release|Any CPU
		{AF18BFDA-4CCF-4FEE-A269-BF673BC9912B}.Release|Any CPU.Build.0 = Release|Any CPU
	EndGlobalSection
	GlobalSection(SolutionProperties) = preSolution
		HideSolutionNode = FALSE
	EndGlobalSection
	GlobalSection(ExtensibilityGlobals) = postSolution
		SolutionGuid = {FBE93AB4-8D47-44A8-9D61-5A4C81B2BF80}
	EndGlobalSection
EndGlobal
